
Microsoft Visual Studio Solution File, Format Version 12.00
# Visual Studio Version 17
VisualStudioVersion = 17.8.34525.116
MinimumVisualStudioVersion = 10.0.40219.1
Project("{FAE04EC0-301F-11D3-BF4B-00C04F79EFBC}") = "FruitSouthAfrica", "FruitSouthAfrica\FruitSouthAfrica.csproj", "{76CBDB69-D8FA-44EE-8B2D-5E2AC61BB5EF}"
EndProject
Global
	GlobalSection(SolutionConfigurationPlatforms) = preSolution
		Debug|Any CPU = Debug|Any CPU
		Release|Any CPU = Release|Any CPU
	EndGlobalSection
	GlobalSection(ProjectConfigurationPlatforms) = postSolution
		{76CBDB69-D8FA-44EE-8B2D-5E2AC61BB5EF}.Debug|Any CPU.ActiveCfg = Debug|Any CPU
		{76CBDB69-D8FA-44EE-8B2D-5E2AC61BB5EF}.Debug|Any CPU.Build.0 = Debug|Any CPU
		{76CBDB69-D8FA-44EE-8B2D-5E2AC61BB5EF}.Release|Any CPU.ActiveCfg = Release|Any CPU
		{76CBDB69-D8FA-44EE-8B2D-5E2AC61BB5EF}.Release|Any CPU.Build.0 = Release|Any CPU
	EndGlobalSection
	GlobalSection(SolutionProperties) = preSolution
		HideSolutionNode = FALSE
	EndGlobalSection
	GlobalSection(ExtensibilityGlobals) = postSolution
		SolutionGuid = {178E7BA9-0497-4A5E-A41C-300F07B12FF9}
	EndGlobalSection
EndGlobal
